
Microsoft Visual Studio Solution File, Format Version 12.00
Project("{FAE04EC0-301F-11D3-BF4B-00C04F79EFBC}") = "CryptoStyle.Api", "src\API\CryptoStyle.Api\CryptoStyle.Api.csproj", "{90D9AE53-3460-4F3E-B1A5-31CC206E1202}"
EndProject
Project("{FAE04EC0-301F-11D3-BF4B-00C04F79EFBC}") = "Contracts.Application", "src\Modules\Contracts\Contracts.Application\Contracts.Application.csproj", "{03B160C8-A39B-434C-AD26-690B6298D0D3}"
EndProject
Project("{FAE04EC0-301F-11D3-BF4B-00C04F79EFBC}") = "Contracts.Infrastructure", "src\Modules\Contracts\Contracts.Infrastructure\Contracts.Infrastructure.csproj", "{94B2ABCA-157F-46B6-8FC0-1AE18833AB12}"
EndProject
Project("{FAE04EC0-301F-11D3-BF4B-00C04F79EFBC}") = "Contracts.Presentation", "src\Modules\Contracts\Contracts.Presentation\Contracts.Presentation.csproj", "{C374CA8A-065E-4956-9604-5E0947B591E2}"
EndProject
Project("{FAE04EC0-301F-11D3-BF4B-00C04F79EFBC}") = "Matrix.Application", "src\Modules\Matrix\Matrix.Application\Matrix.Application.csproj", "{12861856-B30F-4D88-8C7F-23FF4CB1BDB8}"
EndProject
Project("{FAE04EC0-301F-11D3-BF4B-00C04F79EFBC}") = "Matrix.Infrastructure", "src\Modules\Matrix\Matrix.Infrastructure\Matrix.Infrastructure.csproj", "{ABDE5612-A4B3-46F5-A07B-6D5DFED0C40B}"
EndProject
Project("{FAE04EC0-301F-11D3-BF4B-00C04F79EFBC}") = "Matrix.Presentation", "src\Modules\Matrix\Matrix.Presentation\Matrix.Presentation.csproj", "{12044C67-9C1F-45DB-A8CB-51DBB656A24B}"
EndProject
Project("{FAE04EC0-301F-11D3-BF4B-00C04F79EFBC}") = "Common", "src\BuildingBlocks\Common\Common.csproj", "{A0C442F8-4BE0-4D95-AFD1-313FD06FB02C}"
EndProject
Project("{FAE04EC0-301F-11D3-BF4B-00C04F79EFBC}") = "TaskProcessor", "src\TaskProcessor\TaskProcessor.csproj", "{28DC79F2-CA08-4F25-98A2-10091F221FD1}"
EndProject
Project("{FAE04EC0-301F-11D3-BF4B-00C04F79EFBC}") = "IntegrationEvents", "src\BuildingBlocks\IntegrationEvents\IntegrationEvents.csproj", "{FC60B121-835B-4A5A-B488-B6BD447FE127}"
EndProject
Project("{FAE04EC0-301F-11D3-BF4B-00C04F79EFBC}") = "MessageBroker", "src\BuildingBlocks\MessageBroker\MessageBroker.csproj", "{933B45CF-BD8A-4E3D-ADA8-C96F016C03A4}"
EndProject
Project("{FAE04EC0-301F-11D3-BF4B-00C04F79EFBC}") = "Contracts.Dto", "src\Modules\Contracts\Contracts.Dto\Contracts.Dto.csproj", "{4CAED229-A707-43F8-8F25-DC337BCE6DFA}"
EndProject
Project("{FAE04EC0-301F-11D3-BF4B-00C04F79EFBC}") = "Matrix.Dto", "src\Modules\Matrix\Matrix.Dto\Matrix.Dto.csproj", "{D1140A2A-906D-42CA-A556-49BE57057658}"
EndProject
Project("{2150E333-8FDC-42A3-9474-1A3956D46DE8}") = "Solution Items", "Solution Items", "{735F79B2-E5B9-412B-A67D-4D55CAB074A2}"
	ProjectSection(SolutionItems) = preProject
		compose.yaml = compose.yaml
	EndProjectSection
EndProject
Project("{FAE04EC0-301F-11D3-BF4B-00C04F79EFBC}") = "TonSdk.Client", "src\Libs\TonSdk.Client\TonSdk.Client.csproj", "{7E0A1036-9DB1-42A9-B3DB-DA3991877ABC}"
EndProject
Project("{FAE04EC0-301F-11D3-BF4B-00C04F79EFBC}") = "TonSdk.Core", "src\Libs\TonSdk.Core\TonSdk.Core.csproj", "{5F823362-3AD5-4B78-97E7-E4AB2EE89516}"
EndProject
Global
	GlobalSection(SolutionConfigurationPlatforms) = preSolution
		Debug|Any CPU = Debug|Any CPU
		Release|Any CPU = Release|Any CPU
	EndGlobalSection
	GlobalSection(ProjectConfigurationPlatforms) = postSolution
		{90D9AE53-3460-4F3E-B1A5-31CC206E1202}.Debug|Any CPU.ActiveCfg = Debug|Any CPU
		{90D9AE53-3460-4F3E-B1A5-31CC206E1202}.Debug|Any CPU.Build.0 = Debug|Any CPU
		{90D9AE53-3460-4F3E-B1A5-31CC206E1202}.Release|Any CPU.ActiveCfg = Release|Any CPU
		{90D9AE53-3460-4F3E-B1A5-31CC206E1202}.Release|Any CPU.Build.0 = Release|Any CPU
		{03B160C8-A39B-434C-AD26-690B6298D0D3}.Debug|Any CPU.ActiveCfg = Debug|Any CPU
		{03B160C8-A39B-434C-AD26-690B6298D0D3}.Debug|Any CPU.Build.0 = Debug|Any CPU
		{03B160C8-A39B-434C-AD26-690B6298D0D3}.Release|Any CPU.ActiveCfg = Release|Any CPU
		{03B160C8-A39B-434C-AD26-690B6298D0D3}.Release|Any CPU.Build.0 = Release|Any CPU
		{94B2ABCA-157F-46B6-8FC0-1AE18833AB12}.Debug|Any CPU.ActiveCfg = Debug|Any CPU
		{94B2ABCA-157F-46B6-8FC0-1AE18833AB12}.Debug|Any CPU.Build.0 = Debug|Any CPU
		{94B2ABCA-157F-46B6-8FC0-1AE18833AB12}.Release|Any CPU.ActiveCfg = Release|Any CPU
		{94B2ABCA-157F-46B6-8FC0-1AE18833AB12}.Release|Any CPU.Build.0 = Release|Any CPU
		{C374CA8A-065E-4956-9604-5E0947B591E2}.Debug|Any CPU.ActiveCfg = Debug|Any CPU
		{C374CA8A-065E-4956-9604-5E0947B591E2}.Debug|Any CPU.Build.0 = Debug|Any CPU
		{C374CA8A-065E-4956-9604-5E0947B591E2}.Release|Any CPU.ActiveCfg = Release|Any CPU
		{C374CA8A-065E-4956-9604-5E0947B591E2}.Release|Any CPU.Build.0 = Release|Any CPU
		{12861856-B30F-4D88-8C7F-23FF4CB1BDB8}.Debug|Any CPU.ActiveCfg = Debug|Any CPU
		{12861856-B30F-4D88-8C7F-23FF4CB1BDB8}.Debug|Any CPU.Build.0 = Debug|Any CPU
		{12861856-B30F-4D88-8C7F-23FF4CB1BDB8}.Release|Any CPU.ActiveCfg = Release|Any CPU
		{12861856-B30F-4D88-8C7F-23FF4CB1BDB8}.Release|Any CPU.Build.0 = Release|Any CPU
		{ABDE5612-A4B3-46F5-A07B-6D5DFED0C40B}.Debug|Any CPU.ActiveCfg = Debug|Any CPU
		{ABDE5612-A4B3-46F5-A07B-6D5DFED0C40B}.Debug|Any CPU.Build.0 = Debug|Any CPU
		{ABDE5612-A4B3-46F5-A07B-6D5DFED0C40B}.Release|Any CPU.ActiveCfg = Release|Any CPU
		{ABDE5612-A4B3-46F5-A07B-6D5DFED0C40B}.Release|Any CPU.Build.0 = Release|Any CPU
		{12044C67-9C1F-45DB-A8CB-51DBB656A24B}.Debug|Any CPU.ActiveCfg = Debug|Any CPU
		{12044C67-9C1F-45DB-A8CB-51DBB656A24B}.Debug|Any CPU.Build.0 = Debug|Any CPU
		{12044C67-9C1F-45DB-A8CB-51DBB656A24B}.Release|Any CPU.ActiveCfg = Release|Any CPU
		{12044C67-9C1F-45DB-A8CB-51DBB656A24B}.Release|Any CPU.Build.0 = Release|Any CPU
		{A0C442F8-4BE0-4D95-AFD1-313FD06FB02C}.Debug|Any CPU.ActiveCfg = Debug|Any CPU
		{A0C442F8-4BE0-4D95-AFD1-313FD06FB02C}.Debug|Any CPU.Build.0 = Debug|Any CPU
		{A0C442F8-4BE0-4D95-AFD1-313FD06FB02C}.Release|Any CPU.ActiveCfg = Release|Any CPU
		{A0C442F8-4BE0-4D95-AFD1-313FD06FB02C}.Release|Any CPU.Build.0 = Release|Any CPU
		{28DC79F2-CA08-4F25-98A2-10091F221FD1}.Debug|Any CPU.ActiveCfg = Debug|Any CPU
		{28DC79F2-CA08-4F25-98A2-10091F221FD1}.Debug|Any CPU.Build.0 = Debug|Any CPU
		{28DC79F2-CA08-4F25-98A2-10091F221FD1}.Release|Any CPU.ActiveCfg = Release|Any CPU
		{28DC79F2-CA08-4F25-98A2-10091F221FD1}.Release|Any CPU.Build.0 = Release|Any CPU
		{FC60B121-835B-4A5A-B488-B6BD447FE127}.Debug|Any CPU.ActiveCfg = Debug|Any CPU
		{FC60B121-835B-4A5A-B488-B6BD447FE127}.Debug|Any CPU.Build.0 = Debug|Any CPU
		{FC60B121-835B-4A5A-B488-B6BD447FE127}.Release|Any CPU.ActiveCfg = Release|Any CPU
		{FC60B121-835B-4A5A-B488-B6BD447FE127}.Release|Any CPU.Build.0 = Release|Any CPU
		{933B45CF-BD8A-4E3D-ADA8-C96F016C03A4}.Debug|Any CPU.ActiveCfg = Debug|Any CPU
		{933B45CF-BD8A-4E3D-ADA8-C96F016C03A4}.Debug|Any CPU.Build.0 = Debug|Any CPU
		{933B45CF-BD8A-4E3D-ADA8-C96F016C03A4}.Release|Any CPU.ActiveCfg = Release|Any CPU
		{933B45CF-BD8A-4E3D-ADA8-C96F016C03A4}.Release|Any CPU.Build.0 = Release|Any CPU
		{4CAED229-A707-43F8-8F25-DC337BCE6DFA}.Debug|Any CPU.ActiveCfg = Debug|Any CPU
		{4CAED229-A707-43F8-8F25-DC337BCE6DFA}.Debug|Any CPU.Build.0 = Debug|Any CPU
		{4CAED229-A707-43F8-8F25-DC337BCE6DFA}.Release|Any CPU.ActiveCfg = Release|Any CPU
		{4CAED229-A707-43F8-8F25-DC337BCE6DFA}.Release|Any CPU.Build.0 = Release|Any CPU
		{D1140A2A-906D-42CA-A556-49BE57057658}.Debug|Any CPU.ActiveCfg = Debug|Any CPU
		{D1140A2A-906D-42CA-A556-49BE57057658}.Debug|Any CPU.Build.0 = Debug|Any CPU
		{D1140A2A-906D-42CA-A556-49BE57057658}.Release|Any CPU.ActiveCfg = Release|Any CPU
		{D1140A2A-906D-42CA-A556-49BE57057658}.Release|Any CPU.Build.0 = Release|Any CPU
		{7E0A1036-9DB1-42A9-B3DB-DA3991877ABC}.Debug|Any CPU.ActiveCfg = Debug|Any CPU
		{7E0A1036-9DB1-42A9-B3DB-DA3991877ABC}.Debug|Any CPU.Build.0 = Debug|Any CPU
		{7E0A1036-9DB1-42A9-B3DB-DA3991877ABC}.Release|Any CPU.ActiveCfg = Release|Any CPU
		{7E0A1036-9DB1-42A9-B3DB-DA3991877ABC}.Release|Any CPU.Build.0 = Release|Any CPU
		{5F823362-3AD5-4B78-97E7-E4AB2EE89516}.Debug|Any CPU.ActiveCfg = Debug|Any CPU
		{5F823362-3AD5-4B78-97E7-E4AB2EE89516}.Debug|Any CPU.Build.0 = Debug|Any CPU
		{5F823362-3AD5-4B78-97E7-E4AB2EE89516}.Release|Any CPU.ActiveCfg = Release|Any CPU
		{5F823362-3AD5-4B78-97E7-E4AB2EE89516}.Release|Any CPU.Build.0 = Release|Any CPU
	EndGlobalSection
EndGlobal
